// !$*UTF8*$!
{
	archiveVersion = 1;
	classes = {
	};
	objectVersion = 56;
	objects = {

/* Begin PBXBuildFile section */
		5B07427F2AD46C3200E9D168 /* Tip_CalculatorSnapShopTest.swift in Sources */ = {isa = PBXBuildFile; fileRef = 5B07427E2AD46C3200E9D168 /* Tip_CalculatorSnapShopTest.swift */; };
		5B56BD9B2ACC7647003A0C72 /* AudioPlayerService.swift in Sources */ = {isa = PBXBuildFile; fileRef = 5B56BD9A2ACC7647003A0C72 /* AudioPlayerService.swift */; };
		5B56BD9D2ACC7787003A0C72 /* click.mp3 in Resources */ = {isa = PBXBuildFile; fileRef = 5B56BD9C2ACC7787003A0C72 /* click.mp3 */; };
		5B752DCF2AB77FD000A08412 /* AppDelegate.swift in Sources */ = {isa = PBXBuildFile; fileRef = 5B752DCE2AB77FD000A08412 /* AppDelegate.swift */; };
		5B752DD12AB77FD000A08412 /* SceneDelegate.swift in Sources */ = {isa = PBXBuildFile; fileRef = 5B752DD02AB77FD000A08412 /* SceneDelegate.swift */; };
		5B752DD32AB77FD000A08412 /* CalculatorVC.swift in Sources */ = {isa = PBXBuildFile; fileRef = 5B752DD22AB77FD000A08412 /* CalculatorVC.swift */; };
		5B752DD82AB77FD100A08412 /* Assets.xcassets in Resources */ = {isa = PBXBuildFile; fileRef = 5B752DD72AB77FD100A08412 /* Assets.xcassets */; };
		5B752DDB2AB77FD100A08412 /* LaunchScreen.storyboard in Resources */ = {isa = PBXBuildFile; fileRef = 5B752DD92AB77FD100A08412 /* LaunchScreen.storyboard */; };
		5B752DE62AB77FD100A08412 /* TipCalculatorTests.swift in Sources */ = {isa = PBXBuildFile; fileRef = 5B752DE52AB77FD100A08412 /* TipCalculatorTests.swift */; };
		5B752DF02AB77FD100A08412 /* TipCalculatorUITests.swift in Sources */ = {isa = PBXBuildFile; fileRef = 5B752DEF2AB77FD100A08412 /* TipCalculatorUITests.swift */; };
		5B752DF22AB77FD100A08412 /* TipCalculatorUITestsLaunchTests.swift in Sources */ = {isa = PBXBuildFile; fileRef = 5B752DF12AB77FD100A08412 /* TipCalculatorUITestsLaunchTests.swift */; };
		5B752E002AB7805800A08412 /* CombineCocoa in Frameworks */ = {isa = PBXBuildFile; productRef = 5B752DFF2AB7805800A08412 /* CombineCocoa */; };
		5B752E032AB7809300A08412 /* SnapKit in Frameworks */ = {isa = PBXBuildFile; productRef = 5B752E022AB7809300A08412 /* SnapKit */; };
		5B752E062AB780CF00A08412 /* CombineCocoa in Frameworks */ = {isa = PBXBuildFile; productRef = 5B752E052AB780CF00A08412 /* CombineCocoa */; };
		5B752E092AB7814300A08412 /* SnapshotTesting in Frameworks */ = {isa = PBXBuildFile; productRef = 5B752E082AB7814300A08412 /* SnapshotTesting */; };
		5B752E0B2AB7816400A08412 /* CombineCocoa in Frameworks */ = {isa = PBXBuildFile; productRef = 5B752E0A2AB7816400A08412 /* CombineCocoa */; };
		5B752E0F2AB784C700A08412 /* LogoView.swift in Sources */ = {isa = PBXBuildFile; fileRef = 5B752E0E2AB784C700A08412 /* LogoView.swift */; };
		5B752E112AB785E800A08412 /* ResultView.swift in Sources */ = {isa = PBXBuildFile; fileRef = 5B752E102AB785E800A08412 /* ResultView.swift */; };
		5B752E132AB7861500A08412 /* BillInputView.swift in Sources */ = {isa = PBXBuildFile; fileRef = 5B752E122AB7861500A08412 /* BillInputView.swift */; };
		5B752E152AB7862A00A08412 /* TipInputView.swift in Sources */ = {isa = PBXBuildFile; fileRef = 5B752E142AB7862A00A08412 /* TipInputView.swift */; };
		5B752E172AB7864800A08412 /* SplitInputView.swift in Sources */ = {isa = PBXBuildFile; fileRef = 5B752E162AB7864800A08412 /* SplitInputView.swift */; };
		5B752E1B2AB78C7800A08412 /* ThemeColor.swift in Sources */ = {isa = PBXBuildFile; fileRef = 5B752E1A2AB78C7800A08412 /* ThemeColor.swift */; };
		5B752E1D2AB78C8400A08412 /* ThemeFont.swift in Sources */ = {isa = PBXBuildFile; fileRef = 5B752E1C2AB78C8400A08412 /* ThemeFont.swift */; };
		5B752E1F2AB78CD100A08412 /* UIColor + Extansion.swift in Sources */ = {isa = PBXBuildFile; fileRef = 5B752E1E2AB78CD100A08412 /* UIColor + Extansion.swift */; };
		5B761C562AC9D41500C1244F /* UIResponder + Extantion.swift in Sources */ = {isa = PBXBuildFile; fileRef = 5B761C552AC9D41500C1244F /* UIResponder + Extantion.swift */; };
		5B761C582ACB1D4700C1244F /* Int + Extansion.swift in Sources */ = {isa = PBXBuildFile; fileRef = 5B761C572ACB1D4700C1244F /* Int + Extansion.swift */; };
		5B7892622AC1E89A00C79B9C /* Tip.swift in Sources */ = {isa = PBXBuildFile; fileRef = 5B7892612AC1E89A00C79B9C /* Tip.swift */; };
		5B7892642AC1E8D200C79B9C /* HeaderView.swift in Sources */ = {isa = PBXBuildFile; fileRef = 5B7892632AC1E8D200C79B9C /* HeaderView.swift */; };
		5B8AD3662ABA2506009F13B7 /* LabelFacrory.swift in Sources */ = {isa = PBXBuildFile; fileRef = 5B8AD3652ABA2506009F13B7 /* LabelFacrory.swift */; };
		5B8AD3682ABB5D9F009F13B7 /* UIView + Extansion.swift in Sources */ = {isa = PBXBuildFile; fileRef = 5B8AD3672ABB5D9F009F13B7 /* UIView + Extansion.swift */; };
		5B8AD36A2ABB66DA009F13B7 /* AmountView.swift in Sources */ = {isa = PBXBuildFile; fileRef = 5B8AD3692ABB66DA009F13B7 /* AmountView.swift */; };
		5B8B76982AC7585500B4359E /* CalculaterVM.swift in Sources */ = {isa = PBXBuildFile; fileRef = 5B8B76972AC7585500B4359E /* CalculaterVM.swift */; };
		5B8B769A2AC75CB600B4359E /* ResultData.swift in Sources */ = {isa = PBXBuildFile; fileRef = 5B8B76992AC75CB600B4359E /* ResultData.swift */; };
		5BAAB8E42AC8774700543E6B /* Double + Extension.swift in Sources */ = {isa = PBXBuildFile; fileRef = 5BAAB8E32AC8774700543E6B /* Double + Extension.swift */; };
		5BAAB8E62AC8775500543E6B /* String + Extension.swift in Sources */ = {isa = PBXBuildFile; fileRef = 5BAAB8E52AC8775500543E6B /* String + Extension.swift */; };
/* End PBXBuildFile section */

/* Begin PBXContainerItemProxy section */
		5B752DE22AB77FD100A08412 /* PBXContainerItemProxy */ = {
			isa = PBXContainerItemProxy;
			containerPortal = 5B752DC32AB77FD000A08412 /* Project object */;
			proxyType = 1;
			remoteGlobalIDString = 5B752DCA2AB77FD000A08412;
			remoteInfo = TipCalculator;
		};
		5B752DEC2AB77FD100A08412 /* PBXContainerItemProxy */ = {
			isa = PBXContainerItemProxy;
			containerPortal = 5B752DC32AB77FD000A08412 /* Project object */;
			proxyType = 1;
			remoteGlobalIDString = 5B752DCA2AB77FD000A08412;
			remoteInfo = TipCalculator;
		};
/* End PBXContainerItemProxy section */

/* Begin PBXFileReference section */
		5B07427E2AD46C3200E9D168 /* Tip_CalculatorSnapShopTest.swift */ = {isa = PBXFileReference; lastKnownFileType = sourcecode.swift; path = Tip_CalculatorSnapShopTest.swift; sourceTree = "<group>"; };
		5B56BD9A2ACC7647003A0C72 /* AudioPlayerService.swift */ = {isa = PBXFileReference; lastKnownFileType = sourcecode.swift; path = AudioPlayerService.swift; sourceTree = "<group>"; };
		5B56BD9C2ACC7787003A0C72 /* click.mp3 */ = {isa = PBXFileReference; lastKnownFileType = audio.mp3; path = click.mp3; sourceTree = SOURCE_ROOT; };
		5B752DCB2AB77FD000A08412 /* TipCalculator.app */ = {isa = PBXFileReference; explicitFileType = wrapper.application; includeInIndex = 0; path = TipCalculator.app; sourceTree = BUILT_PRODUCTS_DIR; };
		5B752DCE2AB77FD000A08412 /* AppDelegate.swift */ = {isa = PBXFileReference; lastKnownFileType = sourcecode.swift; path = AppDelegate.swift; sourceTree = "<group>"; };
		5B752DD02AB77FD000A08412 /* SceneDelegate.swift */ = {isa = PBXFileReference; lastKnownFileType = sourcecode.swift; path = SceneDelegate.swift; sourceTree = "<group>"; };
		5B752DD22AB77FD000A08412 /* CalculatorVC.swift */ = {isa = PBXFileReference; lastKnownFileType = sourcecode.swift; path = CalculatorVC.swift; sourceTree = "<group>"; };
		5B752DD72AB77FD100A08412 /* Assets.xcassets */ = {isa = PBXFileReference; lastKnownFileType = folder.assetcatalog; path = Assets.xcassets; sourceTree = "<group>"; };
		5B752DDA2AB77FD100A08412 /* Base */ = {isa = PBXFileReference; lastKnownFileType = file.storyboard; name = Base; path = Base.lproj/LaunchScreen.storyboard; sourceTree = "<group>"; };
		5B752DDC2AB77FD100A08412 /* Info.plist */ = {isa = PBXFileReference; lastKnownFileType = text.plist.xml; path = Info.plist; sourceTree = "<group>"; };
		5B752DE12AB77FD100A08412 /* TipCalculatorTests.xctest */ = {isa = PBXFileReference; explicitFileType = wrapper.cfbundle; includeInIndex = 0; path = TipCalculatorTests.xctest; sourceTree = BUILT_PRODUCTS_DIR; };
		5B752DE52AB77FD100A08412 /* TipCalculatorTests.swift */ = {isa = PBXFileReference; lastKnownFileType = sourcecode.swift; path = TipCalculatorTests.swift; sourceTree = "<group>"; };
		5B752DEB2AB77FD100A08412 /* TipCalculatorUITests.xctest */ = {isa = PBXFileReference; explicitFileType = wrapper.cfbundle; includeInIndex = 0; path = TipCalculatorUITests.xctest; sourceTree = BUILT_PRODUCTS_DIR; };
		5B752DEF2AB77FD100A08412 /* TipCalculatorUITests.swift */ = {isa = PBXFileReference; lastKnownFileType = sourcecode.swift; path = TipCalculatorUITests.swift; sourceTree = "<group>"; };
		5B752DF12AB77FD100A08412 /* TipCalculatorUITestsLaunchTests.swift */ = {isa = PBXFileReference; lastKnownFileType = sourcecode.swift; path = TipCalculatorUITestsLaunchTests.swift; sourceTree = "<group>"; };
		5B752E0E2AB784C700A08412 /* LogoView.swift */ = {isa = PBXFileReference; lastKnownFileType = sourcecode.swift; path = LogoView.swift; sourceTree = "<group>"; };
		5B752E102AB785E800A08412 /* ResultView.swift */ = {isa = PBXFileReference; lastKnownFileType = sourcecode.swift; path = ResultView.swift; sourceTree = "<group>"; };
		5B752E122AB7861500A08412 /* BillInputView.swift */ = {isa = PBXFileReference; lastKnownFileType = sourcecode.swift; path = BillInputView.swift; sourceTree = "<group>"; };
		5B752E142AB7862A00A08412 /* TipInputView.swift */ = {isa = PBXFileReference; lastKnownFileType = sourcecode.swift; path = TipInputView.swift; sourceTree = "<group>"; };
		5B752E162AB7864800A08412 /* SplitInputView.swift */ = {isa = PBXFileReference; lastKnownFileType = sourcecode.swift; path = SplitInputView.swift; sourceTree = "<group>"; };
		5B752E1A2AB78C7800A08412 /* ThemeColor.swift */ = {isa = PBXFileReference; lastKnownFileType = sourcecode.swift; path = ThemeColor.swift; sourceTree = "<group>"; };
		5B752E1C2AB78C8400A08412 /* ThemeFont.swift */ = {isa = PBXFileReference; lastKnownFileType = sourcecode.swift; path = ThemeFont.swift; sourceTree = "<group>"; };
		5B752E1E2AB78CD100A08412 /* UIColor + Extansion.swift */ = {isa = PBXFileReference; lastKnownFileType = sourcecode.swift; path = "UIColor + Extansion.swift"; sourceTree = "<group>"; };
		5B761C552AC9D41500C1244F /* UIResponder + Extantion.swift */ = {isa = PBXFileReference; lastKnownFileType = sourcecode.swift; path = "UIResponder + Extantion.swift"; sourceTree = "<group>"; };
		5B761C572ACB1D4700C1244F /* Int + Extansion.swift */ = {isa = PBXFileReference; lastKnownFileType = sourcecode.swift; path = "Int + Extansion.swift"; sourceTree = "<group>"; };
		5B7892612AC1E89A00C79B9C /* Tip.swift */ = {isa = PBXFileReference; lastKnownFileType = sourcecode.swift; path = Tip.swift; sourceTree = "<group>"; };
		5B7892632AC1E8D200C79B9C /* HeaderView.swift */ = {isa = PBXFileReference; lastKnownFileType = sourcecode.swift; path = HeaderView.swift; sourceTree = "<group>"; };
		5B8AD3652ABA2506009F13B7 /* LabelFacrory.swift */ = {isa = PBXFileReference; lastKnownFileType = sourcecode.swift; path = LabelFacrory.swift; sourceTree = "<group>"; };
		5B8AD3672ABB5D9F009F13B7 /* UIView + Extansion.swift */ = {isa = PBXFileReference; lastKnownFileType = sourcecode.swift; path = "UIView + Extansion.swift"; sourceTree = "<group>"; };
		5B8AD3692ABB66DA009F13B7 /* AmountView.swift */ = {isa = PBXFileReference; lastKnownFileType = sourcecode.swift; path = AmountView.swift; sourceTree = "<group>"; };
		5B8B76972AC7585500B4359E /* CalculaterVM.swift */ = {isa = PBXFileReference; lastKnownFileType = sourcecode.swift; path = CalculaterVM.swift; sourceTree = "<group>"; };
		5B8B76992AC75CB600B4359E /* ResultData.swift */ = {isa = PBXFileReference; lastKnownFileType = sourcecode.swift; path = ResultData.swift; sourceTree = "<group>"; };
		5BAAB8E32AC8774700543E6B /* Double + Extension.swift */ = {isa = PBXFileReference; lastKnownFileType = sourcecode.swift; path = "Double + Extension.swift"; sourceTree = "<group>"; };
		5BAAB8E52AC8775500543E6B /* String + Extension.swift */ = {isa = PBXFileReference; lastKnownFileType = sourcecode.swift; path = "String + Extension.swift"; sourceTree = "<group>"; };
/* End PBXFileReference section */

/* Begin PBXFrameworksBuildPhase section */
		5B752DC82AB77FD000A08412 /* Frameworks */ = {
			isa = PBXFrameworksBuildPhase;
			buildActionMask = 2147483647;
			files = (
				5B752E002AB7805800A08412 /* CombineCocoa in Frameworks */,
				5B752E032AB7809300A08412 /* SnapKit in Frameworks */,
			);
			runOnlyForDeploymentPostprocessing = 0;
		};
		5B752DDE2AB77FD100A08412 /* Frameworks */ = {
			isa = PBXFrameworksBuildPhase;
			buildActionMask = 2147483647;
			files = (
				5B752E062AB780CF00A08412 /* CombineCocoa in Frameworks */,
				5B752E092AB7814300A08412 /* SnapshotTesting in Frameworks */,
			);
			runOnlyForDeploymentPostprocessing = 0;
		};
		5B752DE82AB77FD100A08412 /* Frameworks */ = {
			isa = PBXFrameworksBuildPhase;
			buildActionMask = 2147483647;
			files = (
				5B752E0B2AB7816400A08412 /* CombineCocoa in Frameworks */,
			);
			runOnlyForDeploymentPostprocessing = 0;
		};
/* End PBXFrameworksBuildPhase section */

/* Begin PBXGroup section */
		5B56BD982ACC761F003A0C72 /* Resource */ = {
			isa = PBXGroup;
			children = (
				5B56BD9C2ACC7787003A0C72 /* click.mp3 */,
			);
			path = Resource;
			sourceTree = "<group>";
		};
		5B56BD992ACC7629003A0C72 /* Service */ = {
			isa = PBXGroup;
			children = (
				5B56BD9A2ACC7647003A0C72 /* AudioPlayerService.swift */,
			);
			path = Service;
			sourceTree = "<group>";
		};
		5B752DC22AB77FD000A08412 = {
			isa = PBXGroup;
			children = (
				5B752DCD2AB77FD000A08412 /* TipCalculator */,
				5B752DE42AB77FD100A08412 /* TipCalculatorTests */,
				5B752DEE2AB77FD100A08412 /* TipCalculatorUITests */,
				5B752DCC2AB77FD000A08412 /* Products */,
				5B752E042AB780CF00A08412 /* Frameworks */,
			);
			sourceTree = "<group>";
		};
		5B752DCC2AB77FD000A08412 /* Products */ = {
			isa = PBXGroup;
			children = (
				5B752DCB2AB77FD000A08412 /* TipCalculator.app */,
				5B752DE12AB77FD100A08412 /* TipCalculatorTests.xctest */,
				5B752DEB2AB77FD100A08412 /* TipCalculatorUITests.xctest */,
			);
			name = Products;
			sourceTree = "<group>";
		};
		5B752DCD2AB77FD000A08412 /* TipCalculator */ = {
			isa = PBXGroup;
			children = (
				5B56BD992ACC7629003A0C72 /* Service */,
				5B56BD982ACC761F003A0C72 /* Resource */,
				5B752DD22AB77FD000A08412 /* CalculatorVC.swift */,
				5B8B76962AC7579900B4359E /* ViewModel */,
				5B7892602AC1E88F00C79B9C /* Model */,
				5B752E0C2AB7833E00A08412 /* Applination */,
				5B8AD3642ABA24E6009F13B7 /* Factory */,
				5B752E192AB78C5F00A08412 /* Extansion */,
				5B752E182AB78C5500A08412 /* Config */,
				5B752E0D2AB7834E00A08412 /* Views */,
				5B8AD36C2ABB6739009F13B7 /* Supporting Files */,
			);
			path = TipCalculator;
			sourceTree = "<group>";
		};
		5B752DE42AB77FD100A08412 /* TipCalculatorTests */ = {
			isa = PBXGroup;
			children = (
				5B752DE52AB77FD100A08412 /* TipCalculatorTests.swift */,
				5B07427E2AD46C3200E9D168 /* Tip_CalculatorSnapShopTest.swift */,
			);
			path = TipCalculatorTests;
			sourceTree = "<group>";
		};
		5B752DEE2AB77FD100A08412 /* TipCalculatorUITests */ = {
			isa = PBXGroup;
			children = (
				5B752DEF2AB77FD100A08412 /* TipCalculatorUITests.swift */,
				5B752DF12AB77FD100A08412 /* TipCalculatorUITestsLaunchTests.swift */,
			);
			path = TipCalculatorUITests;
			sourceTree = "<group>";
		};
		5B752E042AB780CF00A08412 /* Frameworks */ = {
			isa = PBXGroup;
			children = (
			);
			name = Frameworks;
			sourceTree = "<group>";
		};
		5B752E0C2AB7833E00A08412 /* Applination */ = {
			isa = PBXGroup;
			children = (
				5B752DCE2AB77FD000A08412 /* AppDelegate.swift */,
				5B752DD02AB77FD000A08412 /* SceneDelegate.swift */,
			);
			path = Applination;
			sourceTree = "<group>";
		};
		5B752E0D2AB7834E00A08412 /* Views */ = {
			isa = PBXGroup;
			children = (
				5B752E0E2AB784C700A08412 /* LogoView.swift */,
				5B752E102AB785E800A08412 /* ResultView.swift */,
				5B8AD3692ABB66DA009F13B7 /* AmountView.swift */,
				5B752E122AB7861500A08412 /* BillInputView.swift */,
				5B752E142AB7862A00A08412 /* TipInputView.swift */,
				5B752E162AB7864800A08412 /* SplitInputView.swift */,
				5B7892632AC1E8D200C79B9C /* HeaderView.swift */,
			);
			path = Views;
			sourceTree = "<group>";
		};
		5B752E182AB78C5500A08412 /* Config */ = {
			isa = PBXGroup;
			children = (
				5B752E1A2AB78C7800A08412 /* ThemeColor.swift */,
				5B752E1C2AB78C8400A08412 /* ThemeFont.swift */,
			);
			path = Config;
			sourceTree = "<group>";
		};
		5B752E192AB78C5F00A08412 /* Extansion */ = {
			isa = PBXGroup;
			children = (
				5B752E1E2AB78CD100A08412 /* UIColor + Extansion.swift */,
				5B8AD3672ABB5D9F009F13B7 /* UIView + Extansion.swift */,
				5BAAB8E32AC8774700543E6B /* Double + Extension.swift */,
				5BAAB8E52AC8775500543E6B /* String + Extension.swift */,
				5B761C552AC9D41500C1244F /* UIResponder + Extantion.swift */,
				5B761C572ACB1D4700C1244F /* Int + Extansion.swift */,
			);
			path = Extansion;
			sourceTree = "<group>";
		};
		5B7892602AC1E88F00C79B9C /* Model */ = {
			isa = PBXGroup;
			children = (
				5B7892612AC1E89A00C79B9C /* Tip.swift */,
				5B8B76992AC75CB600B4359E /* ResultData.swift */,
			);
			path = Model;
			sourceTree = "<group>";
		};
		5B8AD3642ABA24E6009F13B7 /* Factory */ = {
			isa = PBXGroup;
			children = (
				5B8AD3652ABA2506009F13B7 /* LabelFacrory.swift */,
			);
			path = Factory;
			sourceTree = "<group>";
		};
		5B8AD36C2ABB6739009F13B7 /* Supporting Files */ = {
			isa = PBXGroup;
			children = (
				5B752DD72AB77FD100A08412 /* Assets.xcassets */,
				5B752DD92AB77FD100A08412 /* LaunchScreen.storyboard */,
				5B752DDC2AB77FD100A08412 /* Info.plist */,
			);
			path = "Supporting Files";
			sourceTree = "<group>";
		};
		5B8B76962AC7579900B4359E /* ViewModel */ = {
			isa = PBXGroup;
			children = (
				5B8B76972AC7585500B4359E /* CalculaterVM.swift */,
			);
			path = ViewModel;
			sourceTree = "<group>";
		};
/* End PBXGroup section */

/* Begin PBXNativeTarget section */
		5B752DCA2AB77FD000A08412 /* TipCalculator */ = {
			isa = PBXNativeTarget;
			buildConfigurationList = 5B752DF52AB77FD100A08412 /* Build configuration list for PBXNativeTarget "TipCalculator" */;
			buildPhases = (
				5B752DC72AB77FD000A08412 /* Sources */,
				5B752DC82AB77FD000A08412 /* Frameworks */,
				5B752DC92AB77FD000A08412 /* Resources */,
			);
			buildRules = (
			);
			dependencies = (
			);
			name = TipCalculator;
			packageProductDependencies = (
				5B752DFF2AB7805800A08412 /* CombineCocoa */,
				5B752E022AB7809300A08412 /* SnapKit */,
			);
			productName = TipCalculator;
			productReference = 5B752DCB2AB77FD000A08412 /* TipCalculator.app */;
			productType = "com.apple.product-type.application";
		};
		5B752DE02AB77FD100A08412 /* TipCalculatorTests */ = {
			isa = PBXNativeTarget;
			buildConfigurationList = 5B752DF82AB77FD100A08412 /* Build configuration list for PBXNativeTarget "TipCalculatorTests" */;
			buildPhases = (
				5B752DDD2AB77FD100A08412 /* Sources */,
				5B752DDE2AB77FD100A08412 /* Frameworks */,
				5B752DDF2AB77FD100A08412 /* Resources */,
			);
			buildRules = (
			);
			dependencies = (
				5B752DE32AB77FD100A08412 /* PBXTargetDependency */,
			);
			name = TipCalculatorTests;
			packageProductDependencies = (
				5B752E052AB780CF00A08412 /* CombineCocoa */,
				5B752E082AB7814300A08412 /* SnapshotTesting */,
			);
			productName = TipCalculatorTests;
			productReference = 5B752DE12AB77FD100A08412 /* TipCalculatorTests.xctest */;
			productType = "com.apple.product-type.bundle.unit-test";
		};
		5B752DEA2AB77FD100A08412 /* TipCalculatorUITests */ = {
			isa = PBXNativeTarget;
			buildConfigurationList = 5B752DFB2AB77FD100A08412 /* Build configuration list for PBXNativeTarget "TipCalculatorUITests" */;
			buildPhases = (
				5B752DE72AB77FD100A08412 /* Sources */,
				5B752DE82AB77FD100A08412 /* Frameworks */,
				5B752DE92AB77FD100A08412 /* Resources */,
			);
			buildRules = (
			);
			dependencies = (
				5B752DED2AB77FD100A08412 /* PBXTargetDependency */,
			);
			name = TipCalculatorUITests;
			packageProductDependencies = (
				5B752E0A2AB7816400A08412 /* CombineCocoa */,
			);
			productName = TipCalculatorUITests;
			productReference = 5B752DEB2AB77FD100A08412 /* TipCalculatorUITests.xctest */;
			productType = "com.apple.product-type.bundle.ui-testing";
		};
/* End PBXNativeTarget section */

/* Begin PBXProject section */
		5B752DC32AB77FD000A08412 /* Project object */ = {
			isa = PBXProject;
			attributes = {
				BuildIndependentTargetsInParallel = 1;
				LastSwiftUpdateCheck = 1430;
				LastUpgradeCheck = 1430;
				TargetAttributes = {
					5B752DCA2AB77FD000A08412 = {
						CreatedOnToolsVersion = 14.3.1;
					};
					5B752DE02AB77FD100A08412 = {
						CreatedOnToolsVersion = 14.3.1;
						TestTargetID = 5B752DCA2AB77FD000A08412;
					};
					5B752DEA2AB77FD100A08412 = {
						CreatedOnToolsVersion = 14.3.1;
						TestTargetID = 5B752DCA2AB77FD000A08412;
					};
				};
			};
			buildConfigurationList = 5B752DC62AB77FD000A08412 /* Build configuration list for PBXProject "TipCalculator" */;
			compatibilityVersion = "Xcode 14.0";
			developmentRegion = en;
			hasScannedForEncodings = 0;
			knownRegions = (
				en,
				Base,
			);
			mainGroup = 5B752DC22AB77FD000A08412;
			packageReferences = (
				5B752DFE2AB7805800A08412 /* XCRemoteSwiftPackageReference "CombineCocoa" */,
				5B752E012AB7809300A08412 /* XCRemoteSwiftPackageReference "SnapKit" */,
				5B752E072AB7814300A08412 /* XCRemoteSwiftPackageReference "swift-snapshot-testing" */,
			);
			productRefGroup = 5B752DCC2AB77FD000A08412 /* Products */;
			projectDirPath = "";
			projectRoot = "";
			targets = (
				5B752DCA2AB77FD000A08412 /* TipCalculator */,
				5B752DE02AB77FD100A08412 /* TipCalculatorTests */,
				5B752DEA2AB77FD100A08412 /* TipCalculatorUITests */,
			);
		};
/* End PBXProject section */

/* Begin PBXResourcesBuildPhase section */
		5B752DC92AB77FD000A08412 /* Resources */ = {
			isa = PBXResourcesBuildPhase;
			buildActionMask = 2147483647;
			files = (
				5B56BD9D2ACC7787003A0C72 /* click.mp3 in Resources */,
				5B752DDB2AB77FD100A08412 /* LaunchScreen.storyboard in Resources */,
				5B752DD82AB77FD100A08412 /* Assets.xcassets in Resources */,
			);
			runOnlyForDeploymentPostprocessing = 0;
		};
		5B752DDF2AB77FD100A08412 /* Resources */ = {
			isa = PBXResourcesBuildPhase;
			buildActionMask = 2147483647;
			files = (
			);
			runOnlyForDeploymentPostprocessing = 0;
		};
		5B752DE92AB77FD100A08412 /* Resources */ = {
			isa = PBXResourcesBuildPhase;
			buildActionMask = 2147483647;
			files = (
			);
			runOnlyForDeploymentPostprocessing = 0;
		};
/* End PBXResourcesBuildPhase section */

/* Begin PBXSourcesBuildPhase section */
		5B752DC72AB77FD000A08412 /* Sources */ = {
			isa = PBXSourcesBuildPhase;
			buildActionMask = 2147483647;
			files = (
				5B8B769A2AC75CB600B4359E /* ResultData.swift in Sources */,
				5B761C582ACB1D4700C1244F /* Int + Extansion.swift in Sources */,
				5B8AD36A2ABB66DA009F13B7 /* AmountView.swift in Sources */,
				5BAAB8E62AC8775500543E6B /* String + Extension.swift in Sources */,
				5B752DD32AB77FD000A08412 /* CalculatorVC.swift in Sources */,
				5B752E0F2AB784C700A08412 /* LogoView.swift in Sources */,
				5B752E1B2AB78C7800A08412 /* ThemeColor.swift in Sources */,
				5B752E1D2AB78C8400A08412 /* ThemeFont.swift in Sources */,
				5B752E132AB7861500A08412 /* BillInputView.swift in Sources */,
				5B752E112AB785E800A08412 /* ResultView.swift in Sources */,
				5B761C562AC9D41500C1244F /* UIResponder + Extantion.swift in Sources */,
				5B752DCF2AB77FD000A08412 /* AppDelegate.swift in Sources */,
				5B56BD9B2ACC7647003A0C72 /* AudioPlayerService.swift in Sources */,
				5B8B76982AC7585500B4359E /* CalculaterVM.swift in Sources */,
				5B8AD3662ABA2506009F13B7 /* LabelFacrory.swift in Sources */,
				5B752DD12AB77FD000A08412 /* SceneDelegate.swift in Sources */,
				5B752E1F2AB78CD100A08412 /* UIColor + Extansion.swift in Sources */,
				5B8AD3682ABB5D9F009F13B7 /* UIView + Extansion.swift in Sources */,
				5B7892622AC1E89A00C79B9C /* Tip.swift in Sources */,
				5B752E172AB7864800A08412 /* SplitInputView.swift in Sources */,
				5BAAB8E42AC8774700543E6B /* Double + Extension.swift in Sources */,
				5B752E152AB7862A00A08412 /* TipInputView.swift in Sources */,
				5B7892642AC1E8D200C79B9C /* HeaderView.swift in Sources */,
			);
			runOnlyForDeploymentPostprocessing = 0;
		};
		5B752DDD2AB77FD100A08412 /* Sources */ = {
			isa = PBXSourcesBuildPhase;
			buildActionMask = 2147483647;
			files = (
				5B07427F2AD46C3200E9D168 /* Tip_CalculatorSnapShopTest.swift in Sources */,
				5B752DE62AB77FD100A08412 /* TipCalculatorTests.swift in Sources */,
			);
			runOnlyForDeploymentPostprocessing = 0;
		};
		5B752DE72AB77FD100A08412 /* Sources */ = {
			isa = PBXSourcesBuildPhase;
			buildActionMask = 2147483647;
			files = (
				5B752DF22AB77FD100A08412 /* TipCalculatorUITestsLaunchTests.swift in Sources */,
				5B752DF02AB77FD100A08412 /* TipCalculatorUITests.swift in Sources */,
			);
			runOnlyForDeploymentPostprocessing = 0;
		};
/* End PBXSourcesBuildPhase section */

/* Begin PBXTargetDependency section */
		5B752DE32AB77FD100A08412 /* PBXTargetDependency */ = {
			isa = PBXTargetDependency;
			target = 5B752DCA2AB77FD000A08412 /* TipCalculator */;
			targetProxy = 5B752DE22AB77FD100A08412 /* PBXContainerItemProxy */;
		};
		5B752DED2AB77FD100A08412 /* PBXTargetDependency */ = {
			isa = PBXTargetDependency;
			target = 5B752DCA2AB77FD000A08412 /* TipCalculator */;
			targetProxy = 5B752DEC2AB77FD100A08412 /* PBXContainerItemProxy */;
		};
/* End PBXTargetDependency section */

/* Begin PBXVariantGroup section */
		5B752DD92AB77FD100A08412 /* LaunchScreen.storyboard */ = {
			isa = PBXVariantGroup;
			children = (
				5B752DDA2AB77FD100A08412 /* Base */,
			);
			name = LaunchScreen.storyboard;
			sourceTree = "<group>";
		};
/* End PBXVariantGroup section */

/* Begin XCBuildConfiguration section */
		5B752DF32AB77FD100A08412 /* Debug */ = {
			isa = XCBuildConfiguration;
			buildSettings = {
				ALWAYS_SEARCH_USER_PATHS = NO;
				CLANG_ANALYZER_NONNULL = YES;
				CLANG_ANALYZER_NUMBER_OBJECT_CONVERSION = YES_AGGRESSIVE;
				CLANG_CXX_LANGUAGE_STANDARD = "gnu++20";
				CLANG_ENABLE_MODULES = YES;
				CLANG_ENABLE_OBJC_ARC = YES;
				CLANG_ENABLE_OBJC_WEAK = YES;
				CLANG_WARN_BLOCK_CAPTURE_AUTORELEASING = YES;
				CLANG_WARN_BOOL_CONVERSION = YES;
				CLANG_WARN_COMMA = YES;
				CLANG_WARN_CONSTANT_CONVERSION = YES;
				CLANG_WARN_DEPRECATED_OBJC_IMPLEMENTATIONS = YES;
				CLANG_WARN_DIRECT_OBJC_ISA_USAGE = YES_ERROR;
				CLANG_WARN_DOCUMENTATION_COMMENTS = YES;
				CLANG_WARN_EMPTY_BODY = YES;
				CLANG_WARN_ENUM_CONVERSION = YES;
				CLANG_WARN_INFINITE_RECURSION = YES;
				CLANG_WARN_INT_CONVERSION = YES;
				CLANG_WARN_NON_LITERAL_NULL_CONVERSION = YES;
				CLANG_WARN_OBJC_IMPLICIT_RETAIN_SELF = YES;
				CLANG_WARN_OBJC_LITERAL_CONVERSION = YES;
				CLANG_WARN_OBJC_ROOT_CLASS = YES_ERROR;
				CLANG_WARN_QUOTED_INCLUDE_IN_FRAMEWORK_HEADER = YES;
				CLANG_WARN_RANGE_LOOP_ANALYSIS = YES;
				CLANG_WARN_STRICT_PROTOTYPES = YES;
				CLANG_WARN_SUSPICIOUS_MOVE = YES;
				CLANG_WARN_UNGUARDED_AVAILABILITY = YES_AGGRESSIVE;
				CLANG_WARN_UNREACHABLE_CODE = YES;
				CLANG_WARN__DUPLICATE_METHOD_MATCH = YES;
				COPY_PHASE_STRIP = NO;
				DEBUG_INFORMATION_FORMAT = dwarf;
				ENABLE_STRICT_OBJC_MSGSEND = YES;
				ENABLE_TESTABILITY = YES;
				GCC_C_LANGUAGE_STANDARD = gnu11;
				GCC_DYNAMIC_NO_PIC = NO;
				GCC_NO_COMMON_BLOCKS = YES;
				GCC_OPTIMIZATION_LEVEL = 0;
				GCC_PREPROCESSOR_DEFINITIONS = (
					"DEBUG=1",
					"$(inherited)",
				);
				GCC_WARN_64_TO_32_BIT_CONVERSION = YES;
				GCC_WARN_ABOUT_RETURN_TYPE = YES_ERROR;
				GCC_WARN_UNDECLARED_SELECTOR = YES;
				GCC_WARN_UNINITIALIZED_AUTOS = YES_AGGRESSIVE;
				GCC_WARN_UNUSED_FUNCTION = YES;
				GCC_WARN_UNUSED_VARIABLE = YES;
				IPHONEOS_DEPLOYMENT_TARGET = 17.0;
				MTL_ENABLE_DEBUG_INFO = INCLUDE_SOURCE;
				MTL_FAST_MATH = YES;
				ONLY_ACTIVE_ARCH = YES;
				SDKROOT = iphoneos;
				SWIFT_ACTIVE_COMPILATION_CONDITIONS = DEBUG;
				SWIFT_OPTIMIZATION_LEVEL = "-Onone";
			};
			name = Debug;
		};
		5B752DF42AB77FD100A08412 /* Release */ = {
			isa = XCBuildConfiguration;
			buildSettings = {
				ALWAYS_SEARCH_USER_PATHS = NO;
				CLANG_ANALYZER_NONNULL = YES;
				CLANG_ANALYZER_NUMBER_OBJECT_CONVERSION = YES_AGGRESSIVE;
				CLANG_CXX_LANGUAGE_STANDARD = "gnu++20";
				CLANG_ENABLE_MODULES = YES;
				CLANG_ENABLE_OBJC_ARC = YES;
				CLANG_ENABLE_OBJC_WEAK = YES;
				CLANG_WARN_BLOCK_CAPTURE_AUTORELEASING = YES;
				CLANG_WARN_BOOL_CONVERSION = YES;
				CLANG_WARN_COMMA = YES;
				CLANG_WARN_CONSTANT_CONVERSION = YES;
				CLANG_WARN_DEPRECATED_OBJC_IMPLEMENTATIONS = YES;
				CLANG_WARN_DIRECT_OBJC_ISA_USAGE = YES_ERROR;
				CLANG_WARN_DOCUMENTATION_COMMENTS = YES;
				CLANG_WARN_EMPTY_BODY = YES;
				CLANG_WARN_ENUM_CONVERSION = YES;
				CLANG_WARN_INFINITE_RECURSION = YES;
				CLANG_WARN_INT_CONVERSION = YES;
				CLANG_WARN_NON_LITERAL_NULL_CONVERSION = YES;
				CLANG_WARN_OBJC_IMPLICIT_RETAIN_SELF = YES;
				CLANG_WARN_OBJC_LITERAL_CONVERSION = YES;
				CLANG_WARN_OBJC_ROOT_CLASS = YES_ERROR;
				CLANG_WARN_QUOTED_INCLUDE_IN_FRAMEWORK_HEADER = YES;
				CLANG_WARN_RANGE_LOOP_ANALYSIS = YES;
				CLANG_WARN_STRICT_PROTOTYPES = YES;
				CLANG_WARN_SUSPICIOUS_MOVE = YES;
				CLANG_WARN_UNGUARDED_AVAILABILITY = YES_AGGRESSIVE;
				CLANG_WARN_UNREACHABLE_CODE = YES;
				CLANG_WARN__DUPLICATE_METHOD_MATCH = YES;
				COPY_PHASE_STRIP = NO;
				DEBUG_INFORMATION_FORMAT = "dwarf-with-dsym";
				ENABLE_NS_ASSERTIONS = NO;
				ENABLE_STRICT_OBJC_MSGSEND = YES;
				GCC_C_LANGUAGE_STANDARD = gnu11;
				GCC_NO_COMMON_BLOCKS = YES;
				GCC_WARN_64_TO_32_BIT_CONVERSION = YES;
				GCC_WARN_ABOUT_RETURN_TYPE = YES_ERROR;
				GCC_WARN_UNDECLARED_SELECTOR = YES;
				GCC_WARN_UNINITIALIZED_AUTOS = YES_AGGRESSIVE;
				GCC_WARN_UNUSED_FUNCTION = YES;
				GCC_WARN_UNUSED_VARIABLE = YES;
				IPHONEOS_DEPLOYMENT_TARGET = 17.0;
				MTL_ENABLE_DEBUG_INFO = NO;
				MTL_FAST_MATH = YES;
				SDKROOT = iphoneos;
				SWIFT_COMPILATION_MODE = wholemodule;
				SWIFT_OPTIMIZATION_LEVEL = "-O";
				VALIDATE_PRODUCT = YES;
			};
			name = Release;
		};
		5B752DF62AB77FD100A08412 /* Debug */ = {
			isa = XCBuildConfiguration;
			buildSettings = {
				ASSETCATALOG_COMPILER_APPICON_NAME = AppIcon;
				ASSETCATALOG_COMPILER_GLOBAL_ACCENT_COLOR_NAME = AccentColor;
				CODE_SIGN_STYLE = Automatic;
				CURRENT_PROJECT_VERSION = 1;
				DEVELOPMENT_TEAM = R7B2Y45548;
				GENERATE_INFOPLIST_FILE = YES;
				INFOPLIST_FILE = "TipCalculator/Supporting Files/Info.plist";
				INFOPLIST_KEY_UIApplicationSupportsIndirectInputEvents = YES;
				INFOPLIST_KEY_UILaunchStoryboardName = LaunchScreen;
				INFOPLIST_KEY_UISupportedInterfaceOrientations = UIInterfaceOrientationPortrait;
				INFOPLIST_KEY_UISupportedInterfaceOrientations_iPad = "UIInterfaceOrientationPortrait UIInterfaceOrientationPortraitUpsideDown";
				IPHONEOS_DEPLOYMENT_TARGET = 16.4;
				LD_RUNPATH_SEARCH_PATHS = (
					"$(inherited)",
					"@executable_path/Frameworks",
				);
				MARKETING_VERSION = 1.0;
				PRODUCT_BUNDLE_IDENTIFIER = project10.TipCalculator;
				PRODUCT_NAME = "$(TARGET_NAME)";
				SUPPORTED_PLATFORMS = "iphoneos iphonesimulator";
				SUPPORTS_MACCATALYST = NO;
				SUPPORTS_MAC_DESIGNED_FOR_IPHONE_IPAD = NO;
				SWIFT_EMIT_LOC_STRINGS = YES;
				SWIFT_VERSION = 5.0;
				TARGETED_DEVICE_FAMILY = "1,2";
			};
			name = Debug;
		};
		5B752DF72AB77FD100A08412 /* Release */ = {
			isa = XCBuildConfiguration;
			buildSettings = {
				ASSETCATALOG_COMPILER_APPICON_NAME = AppIcon;
				ASSETCATALOG_COMPILER_GLOBAL_ACCENT_COLOR_NAME = AccentColor;
				CODE_SIGN_STYLE = Automatic;
				CURRENT_PROJECT_VERSION = 1;
				DEVELOPMENT_TEAM = R7B2Y45548;
				GENERATE_INFOPLIST_FILE = YES;
				INFOPLIST_FILE = "TipCalculator/Supporting Files/Info.plist";
				INFOPLIST_KEY_UIApplicationSupportsIndirectInputEvents = YES;
				INFOPLIST_KEY_UILaunchStoryboardName = LaunchScreen;
				INFOPLIST_KEY_UISupportedInterfaceOrientations = UIInterfaceOrientationPortrait;
				INFOPLIST_KEY_UISupportedInterfaceOrientations_iPad = "UIInterfaceOrientationPortrait UIInterfaceOrientationPortraitUpsideDown";
				IPHONEOS_DEPLOYMENT_TARGET = 16.4;
				LD_RUNPATH_SEARCH_PATHS = (
					"$(inherited)",
					"@executable_path/Frameworks",
				);
				MARKETING_VERSION = 1.0;
				PRODUCT_BUNDLE_IDENTIFIER = project10.TipCalculator;
				PRODUCT_NAME = "$(TARGET_NAME)";
				SUPPORTED_PLATFORMS = "iphoneos iphonesimulator";
				SUPPORTS_MACCATALYST = NO;
				SUPPORTS_MAC_DESIGNED_FOR_IPHONE_IPAD = NO;
				SWIFT_EMIT_LOC_STRINGS = YES;
				SWIFT_VERSION = 5.0;
				TARGETED_DEVICE_FAMILY = "1,2";
			};
			name = Release;
		};
		5B752DF92AB77FD100A08412 /* Debug */ = {
			isa = XCBuildConfiguration;
			buildSettings = {
				ALWAYS_EMBED_SWIFT_STANDARD_LIBRARIES = YES;
				BUNDLE_LOADER = "$(TEST_HOST)";
				CODE_SIGN_STYLE = Automatic;
				CURRENT_PROJECT_VERSION = 1;
				DEVELOPMENT_TEAM = R7B2Y45548;
				GENERATE_INFOPLIST_FILE = YES;
				IPHONEOS_DEPLOYMENT_TARGET = 16.4;
				MARKETING_VERSION = 1.0;
				PRODUCT_BUNDLE_IDENTIFIER = project10.TipCalculatorTests;
				PRODUCT_NAME = "$(TARGET_NAME)";
				SWIFT_EMIT_LOC_STRINGS = NO;
				SWIFT_VERSION = 5.0;
				TARGETED_DEVICE_FAMILY = "1,2";
				TEST_HOST = "$(BUILT_PRODUCTS_DIR)/TipCalculator.app/$(BUNDLE_EXECUTABLE_FOLDER_PATH)/TipCalculator";
			};
			name = Debug;
		};
		5B752DFA2AB77FD100A08412 /* Release */ = {
			isa = XCBuildConfiguration;
			buildSettings = {
				ALWAYS_EMBED_SWIFT_STANDARD_LIBRARIES = YES;
				BUNDLE_LOADER = "$(TEST_HOST)";
				CODE_SIGN_STYLE = Automatic;
				CURRENT_PROJECT_VERSION = 1;
				DEVELOPMENT_TEAM = R7B2Y45548;
				GENERATE_INFOPLIST_FILE = YES;
				IPHONEOS_DEPLOYMENT_TARGET = 16.4;
				MARKETING_VERSION = 1.0;
				PRODUCT_BUNDLE_IDENTIFIER = project10.TipCalculatorTests;
				PRODUCT_NAME = "$(TARGET_NAME)";
				SWIFT_EMIT_LOC_STRINGS = NO;
				SWIFT_VERSION = 5.0;
				TARGETED_DEVICE_FAMILY = "1,2";
				TEST_HOST = "$(BUILT_PRODUCTS_DIR)/TipCalculator.app/$(BUNDLE_EXECUTABLE_FOLDER_PATH)/TipCalculator";
			};
			name = Release;
		};
		5B752DFC2AB77FD100A08412 /* Debug */ = {
			isa = XCBuildConfiguration;
			buildSettings = {
				ALWAYS_EMBED_SWIFT_STANDARD_LIBRARIES = YES;
				CODE_SIGN_STYLE = Automatic;
				CURRENT_PROJECT_VERSION = 1;
				DEVELOPMENT_TEAM = R7B2Y45548;
				GENERATE_INFOPLIST_FILE = YES;
				MARKETING_VERSION = 1.0;
				PRODUCT_BUNDLE_IDENTIFIER = project10.TipCalculatorUITests;
				PRODUCT_NAME = "$(TARGET_NAME)";
				SWIFT_EMIT_LOC_STRINGS = NO;
				SWIFT_VERSION = 5.0;
				TARGETED_DEVICE_FAMILY = "1,2";
				TEST_TARGET_NAME = TipCalculator;
			};
			name = Debug;
		};
		5B752DFD2AB77FD100A08412 /* Release */ = {
			isa = XCBuildConfiguration;
			buildSettings = {
				ALWAYS_EMBED_SWIFT_STANDARD_LIBRARIES = YES;
				CODE_SIGN_STYLE = Automatic;
				CURRENT_PROJECT_VERSION = 1;
				DEVELOPMENT_TEAM = R7B2Y45548;
				GENERATE_INFOPLIST_FILE = YES;
				MARKETING_VERSION = 1.0;
				PRODUCT_BUNDLE_IDENTIFIER = project10.TipCalculatorUITests;
				PRODUCT_NAME = "$(TARGET_NAME)";
				SWIFT_EMIT_LOC_STRINGS = NO;
				SWIFT_VERSION = 5.0;
				TARGETED_DEVICE_FAMILY = "1,2";
				TEST_TARGET_NAME = TipCalculator;
			};
			name = Release;
		};
/* End XCBuildConfiguration section */

/* Begin XCConfigurationList section */
		5B752DC62AB77FD000A08412 /* Build configuration list for PBXProject "TipCalculator" */ = {
			isa = XCConfigurationList;
			buildConfigurations = (
				5B752DF32AB77FD100A08412 /* Debug */,
				5B752DF42AB77FD100A08412 /* Release */,
			);
			defaultConfigurationIsVisible = 0;
			defaultConfigurationName = Release;
		};
		5B752DF52AB77FD100A08412 /* Build configuration list for PBXNativeTarget "TipCalculator" */ = {
			isa = XCConfigurationList;
			buildConfigurations = (
				5B752DF62AB77FD100A08412 /* Debug */,
				5B752DF72AB77FD100A08412 /* Release */,
			);
			defaultConfigurationIsVisible = 0;
			defaultConfigurationName = Release;
		};
		5B752DF82AB77FD100A08412 /* Build configuration list for PBXNativeTarget "TipCalculatorTests" */ = {
			isa = XCConfigurationList;
			buildConfigurations = (
				5B752DF92AB77FD100A08412 /* Debug */,
				5B752DFA2AB77FD100A08412 /* Release */,
			);
			defaultConfigurationIsVisible = 0;
			defaultConfigurationName = Release;
		};
		5B752DFB2AB77FD100A08412 /* Build configuration list for PBXNativeTarget "TipCalculatorUITests" */ = {
			isa = XCConfigurationList;
			buildConfigurations = (
				5B752DFC2AB77FD100A08412 /* Debug */,
				5B752DFD2AB77FD100A08412 /* Release */,
			);
			defaultConfigurationIsVisible = 0;
			defaultConfigurationName = Release;
		};
/* End XCConfigurationList section */

/* Begin XCRemoteSwiftPackageReference section */
		5B752DFE2AB7805800A08412 /* XCRemoteSwiftPackageReference "CombineCocoa" */ = {
			isa = XCRemoteSwiftPackageReference;
			repositoryURL = "https://github.com/CombineCommunity/CombineCocoa";
			requirement = {
				kind = upToNextMajorVersion;
				minimumVersion = 0.4.1;
			};
		};
		5B752E012AB7809300A08412 /* XCRemoteSwiftPackageReference "SnapKit" */ = {
			isa = XCRemoteSwiftPackageReference;
			repositoryURL = "https://github.com/SnapKit/SnapKit.git";
			requirement = {
				kind = upToNextMajorVersion;
				minimumVersion = 5.0.0;
			};
		};
		5B752E072AB7814300A08412 /* XCRemoteSwiftPackageReference "swift-snapshot-testing" */ = {
			isa = XCRemoteSwiftPackageReference;
			repositoryURL = "https://github.com/pointfreeco/swift-snapshot-testing";
			requirement = {
				kind = upToNextMinorVersion;
				minimumVersion = 1.13.0;
			};
		};
/* End XCRemoteSwiftPackageReference section */

/* Begin XCSwiftPackageProductDependency section */
		5B752DFF2AB7805800A08412 /* CombineCocoa */ = {
			isa = XCSwiftPackageProductDependency;
			package = 5B752DFE2AB7805800A08412 /* XCRemoteSwiftPackageReference "CombineCocoa" */;
			productName = CombineCocoa;
		};
		5B752E022AB7809300A08412 /* SnapKit */ = {
			isa = XCSwiftPackageProductDependency;
			package = 5B752E012AB7809300A08412 /* XCRemoteSwiftPackageReference "SnapKit" */;
			productName = SnapKit;
		};
		5B752E052AB780CF00A08412 /* CombineCocoa */ = {
			isa = XCSwiftPackageProductDependency;
			package = 5B752DFE2AB7805800A08412 /* XCRemoteSwiftPackageReference "CombineCocoa" */;
			productName = CombineCocoa;
		};
		5B752E082AB7814300A08412 /* SnapshotTesting */ = {
			isa = XCSwiftPackageProductDependency;
			package = 5B752E072AB7814300A08412 /* XCRemoteSwiftPackageReference "swift-snapshot-testing" */;
			productName = SnapshotTesting;
		};
		5B752E0A2AB7816400A08412 /* CombineCocoa */ = {
			isa = XCSwiftPackageProductDependency;
			package = 5B752DFE2AB7805800A08412 /* XCRemoteSwiftPackageReference "CombineCocoa" */;
			productName = CombineCocoa;
		};
/* End XCSwiftPackageProductDependency section */
	};
	rootObject = 5B752DC32AB77FD000A08412 /* Project object */;
}
